
Microsoft Visual Studio Solution File, Format Version 12.00
# Visual Studio Version 17
VisualStudioVersion = 17.0.31903.59
MinimumVisualStudioVersion = 10.0.40219.1
Project("{2150E333-8FDC-42A3-9474-1A3956D46DE8}") = "src", "src", "{827E0CD3-B72D-47B6-A68D-7590B98EB39B}"
EndProject
Project("{FAE04EC0-301F-11D3-BF4B-00C04F79EFBC}") = "ModelScope.Net.Abstractions", "src\ModelScope.Net.Abstractions\ModelScope.Net.Abstractions.csproj", "{4ABD28E7-647C-42E1-AE02-977A499F33D6}"
EndProject
Project("{FAE04EC0-301F-11D3-BF4B-00C04F79EFBC}") = "ModelScope.Net.AspNetCore", "src\ModelScope.Net.AspNetCore\ModelScope.Net.AspNetCore.csproj", "{C5EB36C4-BB03-42C9-97D1-238EFAA6FFF2}"
EndProject
Project("{FAE04EC0-301F-11D3-BF4B-00C04F79EFBC}") = "ModelScope.Net.Cli", "src\ModelScope.Net.Cli\ModelScope.Net.Cli.csproj", "{D0E77DB5-80C7-4D35-988C-138A91F501C2}"
EndProject
Project("{FAE04EC0-301F-11D3-BF4B-00C04F79EFBC}") = "ModelScope.Net.Hub", "src\ModelScope.Net.Hub\ModelScope.Net.Hub.csproj", "{4DE4870F-9F6C-4350-990F-F2F9A64BFF33}"
EndProject
Project("{FAE04EC0-301F-11D3-BF4B-00C04F79EFBC}") = "ModelScope.Net.Runtime.Gguf", "src\ModelScope.Net.Runtime.Gguf\ModelScope.Net.Runtime.Gguf.csproj", "{6A4D1002-4327-45A4-9AEA-EA0FC0F762E4}"
EndProject
Project("{FAE04EC0-301F-11D3-BF4B-00C04F79EFBC}") = "ModelScope.Net.Runtime.Onnx", "src\ModelScope.Net.Runtime.Onnx\ModelScope.Net.Runtime.Onnx.csproj", "{C161AB5D-6517-43AE-A914-8D9407FC0AAB}"
EndProject
Project("{FAE04EC0-301F-11D3-BF4B-00C04F79EFBC}") = "ModelScope.Net.Runtime.Python", "src\ModelScope.Net.Runtime.Python\ModelScope.Net.Runtime.Python.csproj", "{17DC8DA9-1C26-48FB-B104-31136C579DBF}"
EndProject
Project("{FAE04EC0-301F-11D3-BF4B-00C04F79EFBC}") = "ModelScope.Net.Runtime.Remote", "src\ModelScope.Net.Runtime.Remote\ModelScope.Net.Runtime.Remote.csproj", "{19571026-2C92-4076-92B2-8AB1FA05F30B}"
EndProject
Project("{FAE04EC0-301F-11D3-BF4B-00C04F79EFBC}") = "ModelScope.Net.Runtime", "src\ModelScope.Net.Runtime\ModelScope.Net.Runtime.csproj", "{DAB578AB-6E84-4C96-9D8B-1490E0363370}"
EndProject
Project("{2150E333-8FDC-42A3-9474-1A3956D46DE8}") = "tests", "tests", "{0AB3BF05-4346-4AA6-1389-037BE0695223}"
EndProject
Project("{FAE04EC0-301F-11D3-BF4B-00C04F79EFBC}") = "ModelScope.Net.Hub.Tests", "tests\ModelScope.Net.Hub.Tests\ModelScope.Net.Hub.Tests.csproj", "{2AADDEEA-9DD6-43D7-BA42-C0E660B8DC8F}"
EndProject
Project("{FAE04EC0-301F-11D3-BF4B-00C04F79EFBC}") = "ModelScope.Net.Cli.Tests", "tests\ModelScope.Net.Cli.Tests\ModelScope.Net.Cli.Tests.csproj", "{B7C4E1A2-9D3F-4E8B-A1C6-5F2E8D9B4A71}"
EndProject
Project("{FAE04EC0-301F-11D3-BF4B-00C04F79EFBC}") = "ModelScope.Net.Runtime.Tests", "tests\ModelScope.Net.Runtime.Tests\ModelScope.Net.Runtime.Tests.csproj", "{271C9DD2-262B-4E30-B125-DF3AEA4A0724}"
EndProject
Project("{2150E333-8FDC-42A3-9474-1A3956D46DE8}") = "samples", "samples", "{5D20AA90-6969-D8BD-9DCD-8634F4692FDA}"
EndProject
Project("{FAE04EC0-301F-11D3-BF4B-00C04F79EFBC}") = "ModelScope.Net.Sample", "samples\ModelScope.Net.Sample\ModelScope.Net.Sample.csproj", "{06243DAC-E58C-4A72-8F73-CFED330EC9F9}"
EndProject
Project("{FAE04EC0-301F-11D3-BF4B-00C04F79EFBC}") = "ModelScope.Net.AspNetCore.Tests", "tests\ModelScope.Net.AspNetCore.Tests\ModelScope.Net.AspNetCore.Tests.csproj", "{4E7DE24C-CE02-41F0-BDA8-79AEFF33A9E5}"
EndProject
Project("{2150E333-8FDC-42A3-9474-1A3956D46DE8}") = "tools", "tools", "{07C2787E-EAC7-C090-1BA3-A61EC2A24D84}"
EndProject
Project("{FAE04EC0-301F-11D3-BF4B-00C04F79EFBC}") = "ModelScope.Net.Certification", "tools\ModelScope.Net.Certification\ModelScope.Net.Certification.csproj", "{A34BF0B1-5566-4372-A4AF-793288581A1B}"
EndProject
Project("{FAE04EC0-301F-11D3-BF4B-00C04F79EFBC}") = "ModelScope.Net.ClassificationCertification", "tools\ModelScope.Net.ClassificationCertification\ModelScope.Net.ClassificationCertification.csproj", "{D10EB4C9-1960-41B2-BAFE-D81299AB8117}"
EndProject
Project("{FAE04EC0-301F-11D3-BF4B-00C04F79EFBC}") = "ModelScope.Net.VisionCertification", "tools\ModelScope.Net.VisionCertification\ModelScope.Net.VisionCertification.csproj", "{0D59BC78-7D3A-4A10-8191-48127F6D4E5A}"
EndProject
Project("{FAE04EC0-301F-11D3-BF4B-00C04F79EFBC}") = "ModelScope.Net.GgufCertification", "tools\ModelScope.Net.GgufCertification\ModelScope.Net.GgufCertification.csproj", "{DB543D9A-FD73-4482-BA9C-5700E402CA23}"
EndProject
Project("{FAE04EC0-301F-11D3-BF4B-00C04F79EFBC}") = "ModelScope.Net.GgufRuntimeCertification", "tools\ModelScope.Net.GgufRuntimeCertification\ModelScope.Net.GgufRuntimeCertification.csproj", "{F64E0625-8C53-48D9-88B1-EA0970C90FDD}"
EndProject
Project("{FAE04EC0-301F-11D3-BF4B-00C04F79EFBC}") = "ModelScope.Net.PerformanceBenchmark", "tools\ModelScope.Net.PerformanceBenchmark\ModelScope.Net.PerformanceBenchmark.csproj", "{920F4E6D-8694-48E4-8361-00E0767C26FC}"
EndProject
Project("{FAE04EC0-301F-11D3-BF4B-00C04F79EFBC}") = "ModelScope.Net.RolloutDrill", "tools\ModelScope.Net.RolloutDrill\ModelScope.Net.RolloutDrill.csproj", "{C21EE7A0-41A4-4221-9AA7-C0EF50730AED}"
EndProject
Project("{FAE04EC0-301F-11D3-BF4B-00C04F79EFBC}") = "ModelScope.Net.WorkerCertification", "tools\ModelScope.Net.WorkerCertification\ModelScope.Net.WorkerCertification.csproj", "{16FBD9E9-964A-4BF4-83E7-2365D6A79E38}"
EndProject
Project("{FAE04EC0-301F-11D3-BF4B-00C04F79EFBC}") = "ModelScope.Net.ImageSmoke", "tools\ModelScope.Net.ImageSmoke\ModelScope.Net.ImageSmoke.csproj", "{7EC5DC08-0F23-4BE4-B6CA-7BEC1F06C23D}"
EndProject
Project("{FAE04EC0-301F-11D3-BF4B-00C04F79EFBC}") = "ModelScope.Net.OcrCertification", "tools\ModelScope.Net.OcrCertification\ModelScope.Net.OcrCertification.csproj", "{2F41BC4E-8CD1-4DB6-B6B9-AD7475A787D9}"
EndProject
Project("{FAE04EC0-301F-11D3-BF4B-00C04F79EFBC}") = "ModelScope.Net.AsrCertification", "tools\ModelScope.Net.AsrCertification\ModelScope.Net.AsrCertification.csproj", "{85F60C68-1951-4166-AC47-79F6EEC72C7B}"
EndProject
Project("{FAE04EC0-301F-11D3-BF4B-00C04F79EFBC}") = "ModelScope.Net.OnnxGenerationCertification", "tools\ModelScope.Net.OnnxGenerationCertification\ModelScope.Net.OnnxGenerationCertification.csproj", "{66CF7901-C9A8-484C-8862-C9F75C36D322}"
EndProject
Global
	GlobalSection(SolutionConfigurationPlatforms) = preSolution
		Debug|Any CPU = Debug|Any CPU
		Debug|x64 = Debug|x64
		Debug|x86 = Debug|x86
		Release|Any CPU = Release|Any CPU
		Release|x64 = Release|x64
		Release|x86 = Release|x86
	EndGlobalSection
	GlobalSection(ProjectConfigurationPlatforms) = postSolution
		{4ABD28E7-647C-42E1-AE02-977A499F33D6}.Debug|Any CPU.ActiveCfg = Debug|Any CPU
		{4ABD28E7-647C-42E1-AE02-977A499F33D6}.Debug|Any CPU.Build.0 = Debug|Any CPU
		{4ABD28E7-647C-42E1-AE02-977A499F33D6}.Debug|x64.ActiveCfg = Debug|Any CPU
		{4ABD28E7-647C-42E1-AE02-977A499F33D6}.Debug|x64.Build.0 = Debug|Any CPU
		{4ABD28E7-647C-42E1-AE02-977A499F33D6}.Debug|x86.ActiveCfg = Debug|Any CPU
		{4ABD28E7-647C-42E1-AE02-977A499F33D6}.Debug|x86.Build.0 = Debug|Any CPU
		{4ABD28E7-647C-42E1-AE02-977A499F33D6}.Release|Any CPU.ActiveCfg = Release|Any CPU
		{4ABD28E7-647C-42E1-AE02-977A499F33D6}.Release|Any CPU.Build.0 = Release|Any CPU
		{4ABD28E7-647C-42E1-AE02-977A499F33D6}.Release|x64.ActiveCfg = Release|Any CPU
		{4ABD28E7-647C-42E1-AE02-977A499F33D6}.Release|x64.Build.0 = Release|Any CPU
		{4ABD28E7-647C-42E1-AE02-977A499F33D6}.Release|x86.ActiveCfg = Release|Any CPU
		{4ABD28E7-647C-42E1-AE02-977A499F33D6}.Release|x86.Build.0 = Release|Any CPU
		{C5EB36C4-BB03-42C9-97D1-238EFAA6FFF2}.Debug|Any CPU.ActiveCfg = Debug|Any CPU
		{C5EB36C4-BB03-42C9-97D1-238EFAA6FFF2}.Debug|Any CPU.Build.0 = Debug|Any CPU
		{C5EB36C4-BB03-42C9-97D1-238EFAA6FFF2}.Debug|x64.ActiveCfg = Debug|Any CPU
		{C5EB36C4-BB03-42C9-97D1-238EFAA6FFF2}.Debug|x64.Build.0 = Debug|Any CPU
		{C5EB36C4-BB03-42C9-97D1-238EFAA6FFF2}.Debug|x86.ActiveCfg = Debug|Any CPU
		{C5EB36C4-BB03-42C9-97D1-238EFAA6FFF2}.Debug|x86.Build.0 = Debug|Any CPU
		{C5EB36C4-BB03-42C9-97D1-238EFAA6FFF2}.Release|Any CPU.ActiveCfg = Release|Any CPU
		{C5EB36C4-BB03-42C9-97D1-238EFAA6FFF2}.Release|Any CPU.Build.0 = Release|Any CPU
		{C5EB36C4-BB03-42C9-97D1-238EFAA6FFF2}.Release|x64.ActiveCfg = Release|Any CPU
		{C5EB36C4-BB03-42C9-97D1-238EFAA6FFF2}.Release|x64.Build.0 = Release|Any CPU
		{C5EB36C4-BB03-42C9-97D1-238EFAA6FFF2}.Release|x86.ActiveCfg = Release|Any CPU
		{C5EB36C4-BB03-42C9-97D1-238EFAA6FFF2}.Release|x86.Build.0 = Release|Any CPU
		{D0E77DB5-80C7-4D35-988C-138A91F501C2}.Debug|Any CPU.ActiveCfg = Debug|Any CPU
		{D0E77DB5-80C7-4D35-988C-138A91F501C2}.Debug|Any CPU.Build.0 = Debug|Any CPU
		{D0E77DB5-80C7-4D35-988C-138A91F501C2}.Debug|x64.ActiveCfg = Debug|Any CPU
		{D0E77DB5-80C7-4D35-988C-138A91F501C2}.Debug|x64.Build.0 = Debug|Any CPU
		{D0E77DB5-80C7-4D35-988C-138A91F501C2}.Debug|x86.ActiveCfg = Debug|Any CPU
		{D0E77DB5-80C7-4D35-988C-138A91F501C2}.Debug|x86.Build.0 = Debug|Any CPU
		{D0E77DB5-80C7-4D35-988C-138A91F501C2}.Release|Any CPU.ActiveCfg = Release|Any CPU
		{D0E77DB5-80C7-4D35-988C-138A91F501C2}.Release|Any CPU.Build.0 = Release|Any CPU
		{D0E77DB5-80C7-4D35-988C-138A91F501C2}.Release|x64.ActiveCfg = Release|Any CPU
		{D0E77DB5-80C7-4D35-988C-138A91F501C2}.Release|x64.Build.0 = Release|Any CPU
		{D0E77DB5-80C7-4D35-988C-138A91F501C2}.Release|x86.ActiveCfg = Release|Any CPU
		{D0E77DB5-80C7-4D35-988C-138A91F501C2}.Release|x86.Build.0 = Release|Any CPU
		{4DE4870F-9F6C-4350-990F-F2F9A64BFF33}.Debug|Any CPU.ActiveCfg = Debug|Any CPU
		{4DE4870F-9F6C-4350-990F-F2F9A64BFF33}.Debug|Any CPU.Build.0 = Debug|Any CPU
		{4DE4870F-9F6C-4350-990F-F2F9A64BFF33}.Debug|x64.ActiveCfg = Debug|Any CPU
		{4DE4870F-9F6C-4350-990F-F2F9A64BFF33}.Debug|x64.Build.0 = Debug|Any CPU
		{4DE4870F-9F6C-4350-990F-F2F9A64BFF33}.Debug|x86.ActiveCfg = Debug|Any CPU
		{4DE4870F-9F6C-4350-990F-F2F9A64BFF33}.Debug|x86.Build.0 = Debug|Any CPU
		{4DE4870F-9F6C-4350-990F-F2F9A64BFF33}.Release|Any CPU.ActiveCfg = Release|Any CPU
		{4DE4870F-9F6C-4350-990F-F2F9A64BFF33}.Release|Any CPU.Build.0 = Release|Any CPU
		{4DE4870F-9F6C-4350-990F-F2F9A64BFF33}.Release|x64.ActiveCfg = Release|Any CPU
		{4DE4870F-9F6C-4350-990F-F2F9A64BFF33}.Release|x64.Build.0 = Release|Any CPU
		{4DE4870F-9F6C-4350-990F-F2F9A64BFF33}.Release|x86.ActiveCfg = Release|Any CPU
		{4DE4870F-9F6C-4350-990F-F2F9A64BFF33}.Release|x86.Build.0 = Release|Any CPU
		{6A4D1002-4327-45A4-9AEA-EA0FC0F762E4}.Debug|Any CPU.ActiveCfg = Debug|Any CPU
		{6A4D1002-4327-45A4-9AEA-EA0FC0F762E4}.Debug|Any CPU.Build.0 = Debug|Any CPU
		{6A4D1002-4327-45A4-9AEA-EA0FC0F762E4}.Debug|x64.ActiveCfg = Debug|Any CPU
		{6A4D1002-4327-45A4-9AEA-EA0FC0F762E4}.Debug|x64.Build.0 = Debug|Any CPU
		{6A4D1002-4327-45A4-9AEA-EA0FC0F762E4}.Debug|x86.ActiveCfg = Debug|Any CPU
		{6A4D1002-4327-45A4-9AEA-EA0FC0F762E4}.Debug|x86.Build.0 = Debug|Any CPU
		{6A4D1002-4327-45A4-9AEA-EA0FC0F762E4}.Release|Any CPU.ActiveCfg = Release|Any CPU
		{6A4D1002-4327-45A4-9AEA-EA0FC0F762E4}.Release|Any CPU.Build.0 = Release|Any CPU
		{6A4D1002-4327-45A4-9AEA-EA0FC0F762E4}.Release|x64.ActiveCfg = Release|Any CPU
		{6A4D1002-4327-45A4-9AEA-EA0FC0F762E4}.Release|x64.Build.0 = Release|Any CPU
		{6A4D1002-4327-45A4-9AEA-EA0FC0F762E4}.Release|x86.ActiveCfg = Release|Any CPU
		{6A4D1002-4327-45A4-9AEA-EA0FC0F762E4}.Release|x86.Build.0 = Release|Any CPU
		{C161AB5D-6517-43AE-A914-8D9407FC0AAB}.Debug|Any CPU.ActiveCfg = Debug|Any CPU
		{C161AB5D-6517-43AE-A914-8D9407FC0AAB}.Debug|Any CPU.Build.0 = Debug|Any CPU
		{C161AB5D-6517-43AE-A914-8D9407FC0AAB}.Debug|x64.ActiveCfg = Debug|Any CPU
		{C161AB5D-6517-43AE-A914-8D9407FC0AAB}.Debug|x64.Build.0 = Debug|Any CPU
		{C161AB5D-6517-43AE-A914-8D9407FC0AAB}.Debug|x86.ActiveCfg = Debug|Any CPU
		{C161AB5D-6517-43AE-A914-8D9407FC0AAB}.Debug|x86.Build.0 = Debug|Any CPU
		{C161AB5D-6517-43AE-A914-8D9407FC0AAB}.Release|Any CPU.ActiveCfg = Release|Any CPU
		{C161AB5D-6517-43AE-A914-8D9407FC0AAB}.Release|Any CPU.Build.0 = Release|Any CPU
		{C161AB5D-6517-43AE-A914-8D9407FC0AAB}.Release|x64.ActiveCfg = Release|Any CPU
		{C161AB5D-6517-43AE-A914-8D9407FC0AAB}.Release|x64.Build.0 = Release|Any CPU
		{C161AB5D-6517-43AE-A914-8D9407FC0AAB}.Release|x86.ActiveCfg = Release|Any CPU
		{C161AB5D-6517-43AE-A914-8D9407FC0AAB}.Release|x86.Build.0 = Release|Any CPU
		{17DC8DA9-1C26-48FB-B104-31136C579DBF}.Debug|Any CPU.ActiveCfg = Debug|Any CPU
		{17DC8DA9-1C26-48FB-B104-31136C579DBF}.Debug|Any CPU.Build.0 = Debug|Any CPU
		{17DC8DA9-1C26-48FB-B104-31136C579DBF}.Debug|x64.ActiveCfg = Debug|Any CPU
		{17DC8DA9-1C26-48FB-B104-31136C579DBF}.Debug|x64.Build.0 = Debug|Any CPU
		{17DC8DA9-1C26-48FB-B104-31136C579DBF}.Debug|x86.ActiveCfg = Debug|Any CPU
		{17DC8DA9-1C26-48FB-B104-31136C579DBF}.Debug|x86.Build.0 = Debug|Any CPU
		{17DC8DA9-1C26-48FB-B104-31136C579DBF}.Release|Any CPU.ActiveCfg = Release|Any CPU
		{17DC8DA9-1C26-48FB-B104-31136C579DBF}.Release|Any CPU.Build.0 = Release|Any CPU
		{17DC8DA9-1C26-48FB-B104-31136C579DBF}.Release|x64.ActiveCfg = Release|Any CPU
		{17DC8DA9-1C26-48FB-B104-31136C579DBF}.Release|x64.Build.0 = Release|Any CPU
		{17DC8DA9-1C26-48FB-B104-31136C579DBF}.Release|x86.ActiveCfg = Release|Any CPU
		{17DC8DA9-1C26-48FB-B104-31136C579DBF}.Release|x86.Build.0 = Release|Any CPU
		{19571026-2C92-4076-92B2-8AB1FA05F30B}.Debug|Any CPU.ActiveCfg = Debug|Any CPU
		{19571026-2C92-4076-92B2-8AB1FA05F30B}.Debug|Any CPU.Build.0 = Debug|Any CPU
		{19571026-2C92-4076-92B2-8AB1FA05F30B}.Debug|x64.ActiveCfg = Debug|Any CPU
		{19571026-2C92-4076-92B2-8AB1FA05F30B}.Debug|x64.Build.0 = Debug|Any CPU
		{19571026-2C92-4076-92B2-8AB1FA05F30B}.Debug|x86.ActiveCfg = Debug|Any CPU
		{19571026-2C92-4076-92B2-8AB1FA05F30B}.Debug|x86.Build.0 = Debug|Any CPU
		{19571026-2C92-4076-92B2-8AB1FA05F30B}.Release|Any CPU.ActiveCfg = Release|Any CPU
		{19571026-2C92-4076-92B2-8AB1FA05F30B}.Release|Any CPU.Build.0 = Release|Any CPU
		{19571026-2C92-4076-92B2-8AB1FA05F30B}.Release|x64.ActiveCfg = Release|Any CPU
		{19571026-2C92-4076-92B2-8AB1FA05F30B}.Release|x64.Build.0 = Release|Any CPU
		{19571026-2C92-4076-92B2-8AB1FA05F30B}.Release|x86.ActiveCfg = Release|Any CPU
		{19571026-2C92-4076-92B2-8AB1FA05F30B}.Release|x86.Build.0 = Release|Any CPU
		{DAB578AB-6E84-4C96-9D8B-1490E0363370}.Debug|Any CPU.ActiveCfg = Debug|Any CPU
		{DAB578AB-6E84-4C96-9D8B-1490E0363370}.Debug|Any CPU.Build.0 = Debug|Any CPU
		{DAB578AB-6E84-4C96-9D8B-1490E0363370}.Debug|x64.ActiveCfg = Debug|Any CPU
		{DAB578AB-6E84-4C96-9D8B-1490E0363370}.Debug|x64.Build.0 = Debug|Any CPU
		{DAB578AB-6E84-4C96-9D8B-1490E0363370}.Debug|x86.ActiveCfg = Debug|Any CPU
		{DAB578AB-6E84-4C96-9D8B-1490E0363370}.Debug|x86.Build.0 = Debug|Any CPU
		{DAB578AB-6E84-4C96-9D8B-1490E0363370}.Release|Any CPU.ActiveCfg = Release|Any CPU
		{DAB578AB-6E84-4C96-9D8B-1490E0363370}.Release|Any CPU.Build.0 = Release|Any CPU
		{DAB578AB-6E84-4C96-9D8B-1490E0363370}.Release|x64.ActiveCfg = Release|Any CPU
		{DAB578AB-6E84-4C96-9D8B-1490E0363370}.Release|x64.Build.0 = Release|Any CPU
		{DAB578AB-6E84-4C96-9D8B-1490E0363370}.Release|x86.ActiveCfg = Release|Any CPU
		{DAB578AB-6E84-4C96-9D8B-1490E0363370}.Release|x86.Build.0 = Release|Any CPU
		{2AADDEEA-9DD6-43D7-BA42-C0E660B8DC8F}.Debug|Any CPU.ActiveCfg = Debug|Any CPU
		{2AADDEEA-9DD6-43D7-BA42-C0E660B8DC8F}.Debug|Any CPU.Build.0 = Debug|Any CPU
		{2AADDEEA-9DD6-43D7-BA42-C0E660B8DC8F}.Debug|x64.ActiveCfg = Debug|Any CPU
		{2AADDEEA-9DD6-43D7-BA42-C0E660B8DC8F}.Debug|x64.Build.0 = Debug|Any CPU
		{2AADDEEA-9DD6-43D7-BA42-C0E660B8DC8F}.Debug|x86.ActiveCfg = Debug|Any CPU
		{2AADDEEA-9DD6-43D7-BA42-C0E660B8DC8F}.Debug|x86.Build.0 = Debug|Any CPU
		{2AADDEEA-9DD6-43D7-BA42-C0E660B8DC8F}.Release|Any CPU.ActiveCfg = Release|Any CPU
		{2AADDEEA-9DD6-43D7-BA42-C0E660B8DC8F}.Release|Any CPU.Build.0 = Release|Any CPU
		{2AADDEEA-9DD6-43D7-BA42-C0E660B8DC8F}.Release|x64.ActiveCfg = Release|Any CPU
		{2AADDEEA-9DD6-43D7-BA42-C0E660B8DC8F}.Release|x64.Build.0 = Release|Any CPU
		{2AADDEEA-9DD6-43D7-BA42-C0E660B8DC8F}.Release|x86.ActiveCfg = Release|Any CPU
		{2AADDEEA-9DD6-43D7-BA42-C0E660B8DC8F}.Release|x86.Build.0 = Release|Any CPU
		{B7C4E1A2-9D3F-4E8B-A1C6-5F2E8D9B4A71}.Debug|Any CPU.ActiveCfg = Debug|Any CPU
		{B7C4E1A2-9D3F-4E8B-A1C6-5F2E8D9B4A71}.Debug|Any CPU.Build.0 = Debug|Any CPU
		{B7C4E1A2-9D3F-4E8B-A1C6-5F2E8D9B4A71}.Debug|x64.ActiveCfg = Debug|Any CPU
		{B7C4E1A2-9D3F-4E8B-A1C6-5F2E8D9B4A71}.Debug|x64.Build.0 = Debug|Any CPU
		{B7C4E1A2-9D3F-4E8B-A1C6-5F2E8D9B4A71}.Debug|x86.ActiveCfg = Debug|Any CPU
		{B7C4E1A2-9D3F-4E8B-A1C6-5F2E8D9B4A71}.Debug|x86.Build.0 = Debug|Any CPU
		{B7C4E1A2-9D3F-4E8B-A1C6-5F2E8D9B4A71}.Release|Any CPU.ActiveCfg = Release|Any CPU
		{B7C4E1A2-9D3F-4E8B-A1C6-5F2E8D9B4A71}.Release|Any CPU.Build.0 = Release|Any CPU
		{B7C4E1A2-9D3F-4E8B-A1C6-5F2E8D9B4A71}.Release|x64.ActiveCfg = Release|Any CPU
		{B7C4E1A2-9D3F-4E8B-A1C6-5F2E8D9B4A71}.Release|x64.Build.0 = Release|Any CPU
		{B7C4E1A2-9D3F-4E8B-A1C6-5F2E8D9B4A71}.Release|x86.ActiveCfg = Release|Any CPU
		{B7C4E1A2-9D3F-4E8B-A1C6-5F2E8D9B4A71}.Release|x86.Build.0 = Release|Any CPU
		{271C9DD2-262B-4E30-B125-DF3AEA4A0724}.Debug|Any CPU.ActiveCfg = Debug|Any CPU
		{271C9DD2-262B-4E30-B125-DF3AEA4A0724}.Debug|Any CPU.Build.0 = Debug|Any CPU
		{271C9DD2-262B-4E30-B125-DF3AEA4A0724}.Debug|x64.ActiveCfg = Debug|Any CPU
		{271C9DD2-262B-4E30-B125-DF3AEA4A0724}.Debug|x64.Build.0 = Debug|Any CPU
		{271C9DD2-262B-4E30-B125-DF3AEA4A0724}.Debug|x86.ActiveCfg = Debug|Any CPU
		{271C9DD2-262B-4E30-B125-DF3AEA4A0724}.Debug|x86.Build.0 = Debug|Any CPU
		{271C9DD2-262B-4E30-B125-DF3AEA4A0724}.Release|Any CPU.ActiveCfg = Release|Any CPU
		{271C9DD2-262B-4E30-B125-DF3AEA4A0724}.Release|Any CPU.Build.0 = Release|Any CPU
		{271C9DD2-262B-4E30-B125-DF3AEA4A0724}.Release|x64.ActiveCfg = Release|Any CPU
		{271C9DD2-262B-4E30-B125-DF3AEA4A0724}.Release|x64.Build.0 = Release|Any CPU
		{271C9DD2-262B-4E30-B125-DF3AEA4A0724}.Release|x86.ActiveCfg = Release|Any CPU
		{271C9DD2-262B-4E30-B125-DF3AEA4A0724}.Release|x86.Build.0 = Release|Any CPU
		{06243DAC-E58C-4A72-8F73-CFED330EC9F9}.Debug|Any CPU.ActiveCfg = Debug|Any CPU
		{06243DAC-E58C-4A72-8F73-CFED330EC9F9}.Debug|Any CPU.Build.0 = Debug|Any CPU
		{06243DAC-E58C-4A72-8F73-CFED330EC9F9}.Debug|x64.ActiveCfg = Debug|Any CPU
		{06243DAC-E58C-4A72-8F73-CFED330EC9F9}.Debug|x64.Build.0 = Debug|Any CPU
		{06243DAC-E58C-4A72-8F73-CFED330EC9F9}.Debug|x86.ActiveCfg = Debug|Any CPU
		{06243DAC-E58C-4A72-8F73-CFED330EC9F9}.Debug|x86.Build.0 = Debug|Any CPU
		{06243DAC-E58C-4A72-8F73-CFED330EC9F9}.Release|Any CPU.ActiveCfg = Release|Any CPU
		{06243DAC-E58C-4A72-8F73-CFED330EC9F9}.Release|Any CPU.Build.0 = Release|Any CPU
		{06243DAC-E58C-4A72-8F73-CFED330EC9F9}.Release|x64.ActiveCfg = Release|Any CPU
		{06243DAC-E58C-4A72-8F73-CFED330EC9F9}.Release|x64.Build.0 = Release|Any CPU
		{06243DAC-E58C-4A72-8F73-CFED330EC9F9}.Release|x86.ActiveCfg = Release|Any CPU
		{06243DAC-E58C-4A72-8F73-CFED330EC9F9}.Release|x86.Build.0 = Release|Any CPU
		{4E7DE24C-CE02-41F0-BDA8-79AEFF33A9E5}.Debug|Any CPU.ActiveCfg = Debug|Any CPU
		{4E7DE24C-CE02-41F0-BDA8-79AEFF33A9E5}.Debug|Any CPU.Build.0 = Debug|Any CPU
		{4E7DE24C-CE02-41F0-BDA8-79AEFF33A9E5}.Debug|x64.ActiveCfg = Debug|Any CPU
		{4E7DE24C-CE02-41F0-BDA8-79AEFF33A9E5}.Debug|x64.Build.0 = Debug|Any CPU
		{4E7DE24C-CE02-41F0-BDA8-79AEFF33A9E5}.Debug|x86.ActiveCfg = Debug|Any CPU
		{4E7DE24C-CE02-41F0-BDA8-79AEFF33A9E5}.Debug|x86.Build.0 = Debug|Any CPU
		{4E7DE24C-CE02-41F0-BDA8-79AEFF33A9E5}.Release|Any CPU.ActiveCfg = Release|Any CPU
		{4E7DE24C-CE02-41F0-BDA8-79AEFF33A9E5}.Release|Any CPU.Build.0 = Release|Any CPU
		{4E7DE24C-CE02-41F0-BDA8-79AEFF33A9E5}.Release|x64.ActiveCfg = Release|Any CPU
		{4E7DE24C-CE02-41F0-BDA8-79AEFF33A9E5}.Release|x64.Build.0 = Release|Any CPU
		{4E7DE24C-CE02-41F0-BDA8-79AEFF33A9E5}.Release|x86.ActiveCfg = Release|Any CPU
		{4E7DE24C-CE02-41F0-BDA8-79AEFF33A9E5}.Release|x86.Build.0 = Release|Any CPU
		{A34BF0B1-5566-4372-A4AF-793288581A1B}.Debug|Any CPU.ActiveCfg = Debug|Any CPU
		{A34BF0B1-5566-4372-A4AF-793288581A1B}.Debug|Any CPU.Build.0 = Debug|Any CPU
		{A34BF0B1-5566-4372-A4AF-793288581A1B}.Debug|x64.ActiveCfg = Debug|Any CPU
		{A34BF0B1-5566-4372-A4AF-793288581A1B}.Debug|x64.Build.0 = Debug|Any CPU
		{A34BF0B1-5566-4372-A4AF-793288581A1B}.Debug|x86.ActiveCfg = Debug|Any CPU
		{A34BF0B1-5566-4372-A4AF-793288581A1B}.Debug|x86.Build.0 = Debug|Any CPU
		{A34BF0B1-5566-4372-A4AF-793288581A1B}.Release|Any CPU.ActiveCfg = Release|Any CPU
		{A34BF0B1-5566-4372-A4AF-793288581A1B}.Release|Any CPU.Build.0 = Release|Any CPU
		{A34BF0B1-5566-4372-A4AF-793288581A1B}.Release|x64.ActiveCfg = Release|Any CPU
		{A34BF0B1-5566-4372-A4AF-793288581A1B}.Release|x64.Build.0 = Release|Any CPU
		{A34BF0B1-5566-4372-A4AF-793288581A1B}.Release|x86.ActiveCfg = Release|Any CPU
		{A34BF0B1-5566-4372-A4AF-793288581A1B}.Release|x86.Build.0 = Release|Any CPU
		{D10EB4C9-1960-41B2-BAFE-D81299AB8117}.Debug|Any CPU.ActiveCfg = Debug|Any CPU
		{D10EB4C9-1960-41B2-BAFE-D81299AB8117}.Debug|Any CPU.Build.0 = Debug|Any CPU
		{D10EB4C9-1960-41B2-BAFE-D81299AB8117}.Debug|x64.ActiveCfg = Debug|Any CPU
		{D10EB4C9-1960-41B2-BAFE-D81299AB8117}.Debug|x64.Build.0 = Debug|Any CPU
		{D10EB4C9-1960-41B2-BAFE-D81299AB8117}.Debug|x86.ActiveCfg = Debug|Any CPU
		{D10EB4C9-1960-41B2-BAFE-D81299AB8117}.Debug|x86.Build.0 = Debug|Any CPU
		{D10EB4C9-1960-41B2-BAFE-D81299AB8117}.Release|Any CPU.ActiveCfg = Release|Any CPU
		{D10EB4C9-1960-41B2-BAFE-D81299AB8117}.Release|Any CPU.Build.0 = Release|Any CPU
		{D10EB4C9-1960-41B2-BAFE-D81299AB8117}.Release|x64.ActiveCfg = Release|Any CPU
		{D10EB4C9-1960-41B2-BAFE-D81299AB8117}.Release|x64.Build.0 = Release|Any CPU
		{D10EB4C9-1960-41B2-BAFE-D81299AB8117}.Release|x86.ActiveCfg = Release|Any CPU
		{D10EB4C9-1960-41B2-BAFE-D81299AB8117}.Release|x86.Build.0 = Release|Any CPU
		{0D59BC78-7D3A-4A10-8191-48127F6D4E5A}.Debug|Any CPU.ActiveCfg = Debug|Any CPU
		{0D59BC78-7D3A-4A10-8191-48127F6D4E5A}.Debug|Any CPU.Build.0 = Debug|Any CPU
		{0D59BC78-7D3A-4A10-8191-48127F6D4E5A}.Debug|x64.ActiveCfg = Debug|Any CPU
		{0D59BC78-7D3A-4A10-8191-48127F6D4E5A}.Debug|x64.Build.0 = Debug|Any CPU
		{0D59BC78-7D3A-4A10-8191-48127F6D4E5A}.Debug|x86.ActiveCfg = Debug|Any CPU
		{0D59BC78-7D3A-4A10-8191-48127F6D4E5A}.Debug|x86.Build.0 = Debug|Any CPU
		{0D59BC78-7D3A-4A10-8191-48127F6D4E5A}.Release|Any CPU.ActiveCfg = Release|Any CPU
		{0D59BC78-7D3A-4A10-8191-48127F6D4E5A}.Release|Any CPU.Build.0 = Release|Any CPU
		{0D59BC78-7D3A-4A10-8191-48127F6D4E5A}.Release|x64.ActiveCfg = Release|Any CPU
		{0D59BC78-7D3A-4A10-8191-48127F6D4E5A}.Release|x64.Build.0 = Release|Any CPU
		{0D59BC78-7D3A-4A10-8191-48127F6D4E5A}.Release|x86.ActiveCfg = Release|Any CPU
		{0D59BC78-7D3A-4A10-8191-48127F6D4E5A}.Release|x86.Build.0 = Release|Any CPU
		{DB543D9A-FD73-4482-BA9C-5700E402CA23}.Debug|Any CPU.ActiveCfg = Debug|Any CPU
		{DB543D9A-FD73-4482-BA9C-5700E402CA23}.Debug|Any CPU.Build.0 = Debug|Any CPU
		{DB543D9A-FD73-4482-BA9C-5700E402CA23}.Debug|x64.ActiveCfg = Debug|Any CPU
		{DB543D9A-FD73-4482-BA9C-5700E402CA23}.Debug|x64.Build.0 = Debug|Any CPU
		{DB543D9A-FD73-4482-BA9C-5700E402CA23}.Debug|x86.ActiveCfg = Debug|Any CPU
		{DB543D9A-FD73-4482-BA9C-5700E402CA23}.Debug|x86.Build.0 = Debug|Any CPU
		{DB543D9A-FD73-4482-BA9C-5700E402CA23}.Release|Any CPU.ActiveCfg = Release|Any CPU
		{DB543D9A-FD73-4482-BA9C-5700E402CA23}.Release|Any CPU.Build.0 = Release|Any CPU
		{DB543D9A-FD73-4482-BA9C-5700E402CA23}.Release|x64.ActiveCfg = Release|Any CPU
		{DB543D9A-FD73-4482-BA9C-5700E402CA23}.Release|x64.Build.0 = Release|Any CPU
		{DB543D9A-FD73-4482-BA9C-5700E402CA23}.Release|x86.ActiveCfg = Release|Any CPU
		{DB543D9A-FD73-4482-BA9C-5700E402CA23}.Release|x86.Build.0 = Release|Any CPU
		{F64E0625-8C53-48D9-88B1-EA0970C90FDD}.Debug|Any CPU.ActiveCfg = Debug|Any CPU
		{F64E0625-8C53-48D9-88B1-EA0970C90FDD}.Debug|Any CPU.Build.0 = Debug|Any CPU
		{F64E0625-8C53-48D9-88B1-EA0970C90FDD}.Debug|x64.ActiveCfg = Debug|Any CPU
		{F64E0625-8C53-48D9-88B1-EA0970C90FDD}.Debug|x64.Build.0 = Debug|Any CPU
		{F64E0625-8C53-48D9-88B1-EA0970C90FDD}.Debug|x86.ActiveCfg = Debug|Any CPU
		{F64E0625-8C53-48D9-88B1-EA0970C90FDD}.Debug|x86.Build.0 = Debug|Any CPU
		{F64E0625-8C53-48D9-88B1-EA0970C90FDD}.Release|Any CPU.ActiveCfg = Release|Any CPU
		{F64E0625-8C53-48D9-88B1-EA0970C90FDD}.Release|Any CPU.Build.0 = Release|Any CPU
		{F64E0625-8C53-48D9-88B1-EA0970C90FDD}.Release|x64.ActiveCfg = Release|Any CPU
		{F64E0625-8C53-48D9-88B1-EA0970C90FDD}.Release|x64.Build.0 = Release|Any CPU
		{F64E0625-8C53-48D9-88B1-EA0970C90FDD}.Release|x86.ActiveCfg = Release|Any CPU
		{F64E0625-8C53-48D9-88B1-EA0970C90FDD}.Release|x86.Build.0 = Release|Any CPU
		{920F4E6D-8694-48E4-8361-00E0767C26FC}.Debug|Any CPU.ActiveCfg = Debug|Any CPU
		{920F4E6D-8694-48E4-8361-00E0767C26FC}.Debug|Any CPU.Build.0 = Debug|Any CPU
		{920F4E6D-8694-48E4-8361-00E0767C26FC}.Debug|x64.ActiveCfg = Debug|Any CPU
		{920F4E6D-8694-48E4-8361-00E0767C26FC}.Debug|x64.Build.0 = Debug|Any CPU
		{920F4E6D-8694-48E4-8361-00E0767C26FC}.Debug|x86.ActiveCfg = Debug|Any CPU
		{920F4E6D-8694-48E4-8361-00E0767C26FC}.Debug|x86.Build.0 = Debug|Any CPU
		{920F4E6D-8694-48E4-8361-00E0767C26FC}.Release|Any CPU.ActiveCfg = Release|Any CPU
		{920F4E6D-8694-48E4-8361-00E0767C26FC}.Release|Any CPU.Build.0 = Release|Any CPU
		{920F4E6D-8694-48E4-8361-00E0767C26FC}.Release|x64.ActiveCfg = Release|Any CPU
		{920F4E6D-8694-48E4-8361-00E0767C26FC}.Release|x64.Build.0 = Release|Any CPU
		{920F4E6D-8694-48E4-8361-00E0767C26FC}.Release|x86.ActiveCfg = Release|Any CPU
		{920F4E6D-8694-48E4-8361-00E0767C26FC}.Release|x86.Build.0 = Release|Any CPU
		{C21EE7A0-41A4-4221-9AA7-C0EF50730AED}.Debug|Any CPU.ActiveCfg = Debug|Any CPU
		{C21EE7A0-41A4-4221-9AA7-C0EF50730AED}.Debug|Any CPU.Build.0 = Debug|Any CPU
		{C21EE7A0-41A4-4221-9AA7-C0EF50730AED}.Debug|x64.ActiveCfg = Debug|Any CPU
		{C21EE7A0-41A4-4221-9AA7-C0EF50730AED}.Debug|x64.Build.0 = Debug|Any CPU
		{C21EE7A0-41A4-4221-9AA7-C0EF50730AED}.Debug|x86.ActiveCfg = Debug|Any CPU
		{C21EE7A0-41A4-4221-9AA7-C0EF50730AED}.Debug|x86.Build.0 = Debug|Any CPU
		{C21EE7A0-41A4-4221-9AA7-C0EF50730AED}.Release|Any CPU.ActiveCfg = Release|Any CPU
		{C21EE7A0-41A4-4221-9AA7-C0EF50730AED}.Release|Any CPU.Build.0 = Release|Any CPU
		{C21EE7A0-41A4-4221-9AA7-C0EF50730AED}.Release|x64.ActiveCfg = Release|Any CPU
		{C21EE7A0-41A4-4221-9AA7-C0EF50730AED}.Release|x64.Build.0 = Release|Any CPU
		{C21EE7A0-41A4-4221-9AA7-C0EF50730AED}.Release|x86.ActiveCfg = Release|Any CPU
		{C21EE7A0-41A4-4221-9AA7-C0EF50730AED}.Release|x86.Build.0 = Release|Any CPU
		{16FBD9E9-964A-4BF4-83E7-2365D6A79E38}.Debug|Any CPU.ActiveCfg = Debug|Any CPU
		{16FBD9E9-964A-4BF4-83E7-2365D6A79E38}.Debug|Any CPU.Build.0 = Debug|Any CPU
		{16FBD9E9-964A-4BF4-83E7-2365D6A79E38}.Debug|x64.ActiveCfg = Debug|Any CPU
		{16FBD9E9-964A-4BF4-83E7-2365D6A79E38}.Debug|x64.Build.0 = Debug|Any CPU
		{16FBD9E9-964A-4BF4-83E7-2365D6A79E38}.Debug|x86.ActiveCfg = Debug|Any CPU
		{16FBD9E9-964A-4BF4-83E7-2365D6A79E38}.Debug|x86.Build.0 = Debug|Any CPU
		{16FBD9E9-964A-4BF4-83E7-2365D6A79E38}.Release|Any CPU.ActiveCfg = Release|Any CPU
		{16FBD9E9-964A-4BF4-83E7-2365D6A79E38}.Release|Any CPU.Build.0 = Release|Any CPU
		{16FBD9E9-964A-4BF4-83E7-2365D6A79E38}.Release|x64.ActiveCfg = Release|Any CPU
		{16FBD9E9-964A-4BF4-83E7-2365D6A79E38}.Release|x64.Build.0 = Release|Any CPU
		{16FBD9E9-964A-4BF4-83E7-2365D6A79E38}.Release|x86.ActiveCfg = Release|Any CPU
		{16FBD9E9-964A-4BF4-83E7-2365D6A79E38}.Release|x86.Build.0 = Release|Any CPU
		{7EC5DC08-0F23-4BE4-B6CA-7BEC1F06C23D}.Debug|Any CPU.ActiveCfg = Debug|Any CPU
		{7EC5DC08-0F23-4BE4-B6CA-7BEC1F06C23D}.Debug|Any CPU.Build.0 = Debug|Any CPU
		{7EC5DC08-0F23-4BE4-B6CA-7BEC1F06C23D}.Debug|x64.ActiveCfg = Debug|Any CPU
		{7EC5DC08-0F23-4BE4-B6CA-7BEC1F06C23D}.Debug|x64.Build.0 = Debug|Any CPU
		{7EC5DC08-0F23-4BE4-B6CA-7BEC1F06C23D}.Debug|x86.ActiveCfg = Debug|Any CPU
		{7EC5DC08-0F23-4BE4-B6CA-7BEC1F06C23D}.Debug|x86.Build.0 = Debug|Any CPU
		{7EC5DC08-0F23-4BE4-B6CA-7BEC1F06C23D}.Release|Any CPU.ActiveCfg = Release|Any CPU
		{7EC5DC08-0F23-4BE4-B6CA-7BEC1F06C23D}.Release|Any CPU.Build.0 = Release|Any CPU
		{7EC5DC08-0F23-4BE4-B6CA-7BEC1F06C23D}.Release|x64.ActiveCfg = Release|Any CPU
		{7EC5DC08-0F23-4BE4-B6CA-7BEC1F06C23D}.Release|x64.Build.0 = Release|Any CPU
		{7EC5DC08-0F23-4BE4-B6CA-7BEC1F06C23D}.Release|x86.ActiveCfg = Release|Any CPU
		{7EC5DC08-0F23-4BE4-B6CA-7BEC1F06C23D}.Release|x86.Build.0 = Release|Any CPU
		{2F41BC4E-8CD1-4DB6-B6B9-AD7475A787D9}.Debug|Any CPU.ActiveCfg = Debug|Any CPU
		{2F41BC4E-8CD1-4DB6-B6B9-AD7475A787D9}.Debug|Any CPU.Build.0 = Debug|Any CPU
		{2F41BC4E-8CD1-4DB6-B6B9-AD7475A787D9}.Debug|x64.ActiveCfg = Debug|Any CPU
		{2F41BC4E-8CD1-4DB6-B6B9-AD7475A787D9}.Debug|x64.Build.0 = Debug|Any CPU
		{2F41BC4E-8CD1-4DB6-B6B9-AD7475A787D9}.Debug|x86.ActiveCfg = Debug|Any CPU
		{2F41BC4E-8CD1-4DB6-B6B9-AD7475A787D9}.Debug|x86.Build.0 = Debug|Any CPU
		{2F41BC4E-8CD1-4DB6-B6B9-AD7475A787D9}.Release|Any CPU.ActiveCfg = Release|Any CPU
		{2F41BC4E-8CD1-4DB6-B6B9-AD7475A787D9}.Release|Any CPU.Build.0 = Release|Any CPU
		{2F41BC4E-8CD1-4DB6-B6B9-AD7475A787D9}.Release|x64.ActiveCfg = Release|Any CPU
		{2F41BC4E-8CD1-4DB6-B6B9-AD7475A787D9}.Release|x64.Build.0 = Release|Any CPU
		{2F41BC4E-8CD1-4DB6-B6B9-AD7475A787D9}.Release|x86.ActiveCfg = Release|Any CPU
		{2F41BC4E-8CD1-4DB6-B6B9-AD7475A787D9}.Release|x86.Build.0 = Release|Any CPU
		{85F60C68-1951-4166-AC47-79F6EEC72C7B}.Debug|Any CPU.ActiveCfg = Debug|Any CPU
		{85F60C68-1951-4166-AC47-79F6EEC72C7B}.Debug|Any CPU.Build.0 = Debug|Any CPU
		{85F60C68-1951-4166-AC47-79F6EEC72C7B}.Debug|x64.ActiveCfg = Debug|Any CPU
		{85F60C68-1951-4166-AC47-79F6EEC72C7B}.Debug|x64.Build.0 = Debug|Any CPU
		{85F60C68-1951-4166-AC47-79F6EEC72C7B}.Debug|x86.ActiveCfg = Debug|Any CPU
		{85F60C68-1951-4166-AC47-79F6EEC72C7B}.Debug|x86.Build.0 = Debug|Any CPU
		{85F60C68-1951-4166-AC47-79F6EEC72C7B}.Release|Any CPU.ActiveCfg = Release|Any CPU
		{85F60C68-1951-4166-AC47-79F6EEC72C7B}.Release|Any CPU.Build.0 = Release|Any CPU
		{85F60C68-1951-4166-AC47-79F6EEC72C7B}.Release|x64.ActiveCfg = Release|Any CPU
		{85F60C68-1951-4166-AC47-79F6EEC72C7B}.Release|x64.Build.0 = Release|Any CPU
		{85F60C68-1951-4166-AC47-79F6EEC72C7B}.Release|x86.ActiveCfg = Release|Any CPU
		{85F60C68-1951-4166-AC47-79F6EEC72C7B}.Release|x86.Build.0 = Release|Any CPU
		{66CF7901-C9A8-484C-8862-C9F75C36D322}.Debug|Any CPU.ActiveCfg = Debug|Any CPU
		{66CF7901-C9A8-484C-8862-C9F75C36D322}.Debug|Any CPU.Build.0 = Debug|Any CPU
		{66CF7901-C9A8-484C-8862-C9F75C36D322}.Debug|x64.ActiveCfg = Debug|Any CPU
		{66CF7901-C9A8-484C-8862-C9F75C36D322}.Debug|x64.Build.0 = Debug|Any CPU
		{66CF7901-C9A8-484C-8862-C9F75C36D322}.Debug|x86.ActiveCfg = Debug|Any CPU
		{66CF7901-C9A8-484C-8862-C9F75C36D322}.Debug|x86.Build.0 = Debug|Any CPU
		{66CF7901-C9A8-484C-8862-C9F75C36D322}.Release|Any CPU.ActiveCfg = Release|Any CPU
		{66CF7901-C9A8-484C-8862-C9F75C36D322}.Release|Any CPU.Build.0 = Release|Any CPU
		{66CF7901-C9A8-484C-8862-C9F75C36D322}.Release|x64.ActiveCfg = Release|Any CPU
		{66CF7901-C9A8-484C-8862-C9F75C36D322}.Release|x64.Build.0 = Release|Any CPU
		{66CF7901-C9A8-484C-8862-C9F75C36D322}.Release|x86.ActiveCfg = Release|Any CPU
		{66CF7901-C9A8-484C-8862-C9F75C36D322}.Release|x86.Build.0 = Release|Any CPU
	EndGlobalSection
	GlobalSection(SolutionProperties) = preSolution
		HideSolutionNode = FALSE
	EndGlobalSection
	GlobalSection(NestedProjects) = preSolution
		{4ABD28E7-647C-42E1-AE02-977A499F33D6} = {827E0CD3-B72D-47B6-A68D-7590B98EB39B}
		{C5EB36C4-BB03-42C9-97D1-238EFAA6FFF2} = {827E0CD3-B72D-47B6-A68D-7590B98EB39B}
		{D0E77DB5-80C7-4D35-988C-138A91F501C2} = {827E0CD3-B72D-47B6-A68D-7590B98EB39B}
		{4DE4870F-9F6C-4350-990F-F2F9A64BFF33} = {827E0CD3-B72D-47B6-A68D-7590B98EB39B}
		{6A4D1002-4327-45A4-9AEA-EA0FC0F762E4} = {827E0CD3-B72D-47B6-A68D-7590B98EB39B}
		{C161AB5D-6517-43AE-A914-8D9407FC0AAB} = {827E0CD3-B72D-47B6-A68D-7590B98EB39B}
		{17DC8DA9-1C26-48FB-B104-31136C579DBF} = {827E0CD3-B72D-47B6-A68D-7590B98EB39B}
		{19571026-2C92-4076-92B2-8AB1FA05F30B} = {827E0CD3-B72D-47B6-A68D-7590B98EB39B}
		{DAB578AB-6E84-4C96-9D8B-1490E0363370} = {827E0CD3-B72D-47B6-A68D-7590B98EB39B}
		{2AADDEEA-9DD6-43D7-BA42-C0E660B8DC8F} = {0AB3BF05-4346-4AA6-1389-037BE0695223}
		{B7C4E1A2-9D3F-4E8B-A1C6-5F2E8D9B4A71} = {0AB3BF05-4346-4AA6-1389-037BE0695223}
		{271C9DD2-262B-4E30-B125-DF3AEA4A0724} = {0AB3BF05-4346-4AA6-1389-037BE0695223}
		{06243DAC-E58C-4A72-8F73-CFED330EC9F9} = {5D20AA90-6969-D8BD-9DCD-8634F4692FDA}
		{4E7DE24C-CE02-41F0-BDA8-79AEFF33A9E5} = {0AB3BF05-4346-4AA6-1389-037BE0695223}
		{A34BF0B1-5566-4372-A4AF-793288581A1B} = {07C2787E-EAC7-C090-1BA3-A61EC2A24D84}
		{D10EB4C9-1960-41B2-BAFE-D81299AB8117} = {07C2787E-EAC7-C090-1BA3-A61EC2A24D84}
		{0D59BC78-7D3A-4A10-8191-48127F6D4E5A} = {07C2787E-EAC7-C090-1BA3-A61EC2A24D84}
		{DB543D9A-FD73-4482-BA9C-5700E402CA23} = {07C2787E-EAC7-C090-1BA3-A61EC2A24D84}
		{F64E0625-8C53-48D9-88B1-EA0970C90FDD} = {07C2787E-EAC7-C090-1BA3-A61EC2A24D84}
		{920F4E6D-8694-48E4-8361-00E0767C26FC} = {07C2787E-EAC7-C090-1BA3-A61EC2A24D84}
		{C21EE7A0-41A4-4221-9AA7-C0EF50730AED} = {07C2787E-EAC7-C090-1BA3-A61EC2A24D84}
		{16FBD9E9-964A-4BF4-83E7-2365D6A79E38} = {07C2787E-EAC7-C090-1BA3-A61EC2A24D84}
		{7EC5DC08-0F23-4BE4-B6CA-7BEC1F06C23D} = {07C2787E-EAC7-C090-1BA3-A61EC2A24D84}
		{2F41BC4E-8CD1-4DB6-B6B9-AD7475A787D9} = {07C2787E-EAC7-C090-1BA3-A61EC2A24D84}
		{85F60C68-1951-4166-AC47-79F6EEC72C7B} = {07C2787E-EAC7-C090-1BA3-A61EC2A24D84}
		{66CF7901-C9A8-484C-8862-C9F75C36D322} = {07C2787E-EAC7-C090-1BA3-A61EC2A24D84}
	EndGlobalSection
EndGlobal
